// !$*UTF8*$!
{
	archiveVersion = 1;
	classes = {
	};
	objectVersion = 46;
	objects = {

/* Begin PBXBuildFile section */
		261B6F151CAFCF93002C1D50 /* AppDelegate.swift in Sources */ = {isa = PBXBuildFile; fileRef = 261B6F141CAFCF93002C1D50 /* AppDelegate.swift */; };
		261B6F171CAFCF93002C1D50 /* JsonParser.swift in Sources */ = {isa = PBXBuildFile; fileRef = 261B6F161CAFCF93002C1D50 /* JsonParser.swift */; };
		261B6F1A1CAFCF93002C1D50 /* Main.storyboard in Resources */ = {isa = PBXBuildFile; fileRef = 261B6F181CAFCF93002C1D50 /* Main.storyboard */; };
		261B6F1D1CAFCF93002C1D50 /* DiscogsBrowser.xcdatamodeld in Sources */ = {isa = PBXBuildFile; fileRef = 261B6F1B1CAFCF93002C1D50 /* DiscogsBrowser.xcdatamodeld */; };
		261B6F1F1CAFCF93002C1D50 /* Assets.xcassets in Resources */ = {isa = PBXBuildFile; fileRef = 261B6F1E1CAFCF93002C1D50 /* Assets.xcassets */; };
		261B6F221CAFCF93002C1D50 /* LaunchScreen.storyboard in Resources */ = {isa = PBXBuildFile; fileRef = 261B6F201CAFCF93002C1D50 /* LaunchScreen.storyboard */; };
		2693897D1CB10E3E00D86FEF /* MainViewController.swift in Sources */ = {isa = PBXBuildFile; fileRef = 2693897C1CB10E3E00D86FEF /* MainViewController.swift */; };
		26E1AC8C1CAFEF6400BFE169 /* ReleasesCollectionViewController.swift in Sources */ = {isa = PBXBuildFile; fileRef = 26E1AC8B1CAFEF6400BFE169 /* ReleasesCollectionViewController.swift */; };
		26E1AC8E1CAFF10300BFE169 /* ReleaseCollectionViewCell.swift in Sources */ = {isa = PBXBuildFile; fileRef = 26E1AC8D1CAFF10300BFE169 /* ReleaseCollectionViewCell.swift */; };
		26E1AC931CB021E200BFE169 /* Release.swift in Sources */ = {isa = PBXBuildFile; fileRef = 26E1AC921CB021E200BFE169 /* Release.swift */; };
/* End PBXBuildFile section */

/* Begin PBXFileReference section */
		261B6F111CAFCF93002C1D50 /* Browser for Discogs.app */ = {isa = PBXFileReference; explicitFileType = wrapper.application; includeInIndex = 0; path = "Browser for Discogs.app"; sourceTree = BUILT_PRODUCTS_DIR; };
		261B6F141CAFCF93002C1D50 /* AppDelegate.swift */ = {isa = PBXFileReference; lastKnownFileType = sourcecode.swift; path = AppDelegate.swift; sourceTree = "<group>"; };
		261B6F161CAFCF93002C1D50 /* JsonParser.swift */ = {isa = PBXFileReference; lastKnownFileType = sourcecode.swift; path = JsonParser.swift; sourceTree = "<group>"; };
		261B6F191CAFCF93002C1D50 /* Base */ = {isa = PBXFileReference; lastKnownFileType = file.storyboard; name = Base; path = Base.lproj/Main.storyboard; sourceTree = "<group>"; };
		261B6F1C1CAFCF93002C1D50 /* DiscogsBrowser.xcdatamodel */ = {isa = PBXFileReference; lastKnownFileType = wrapper.xcdatamodel; path = DiscogsBrowser.xcdatamodel; sourceTree = "<group>"; };
		261B6F1E1CAFCF93002C1D50 /* Assets.xcassets */ = {isa = PBXFileReference; lastKnownFileType = folder.assetcatalog; path = Assets.xcassets; sourceTree = "<group>"; };
		261B6F211CAFCF93002C1D50 /* Base */ = {isa = PBXFileReference; lastKnownFileType = file.storyboard; name = Base; path = Base.lproj/LaunchScreen.storyboard; sourceTree = "<group>"; };
		261B6F231CAFCF93002C1D50 /* Info.plist */ = {isa = PBXFileReference; lastKnownFileType = text.plist.xml; path = Info.plist; sourceTree = "<group>"; };
		2693897C1CB10E3E00D86FEF /* MainViewController.swift */ = {isa = PBXFileReference; fileEncoding = 4; lastKnownFileType = sourcecode.swift; path = MainViewController.swift; sourceTree = "<group>"; };
		26E1AC8B1CAFEF6400BFE169 /* ReleasesCollectionViewController.swift */ = {isa = PBXFileReference; fileEncoding = 4; lastKnownFileType = sourcecode.swift; path = ReleasesCollectionViewController.swift; sourceTree = "<group>"; };
		26E1AC8D1CAFF10300BFE169 /* ReleaseCollectionViewCell.swift */ = {isa = PBXFileReference; fileEncoding = 4; lastKnownFileType = sourcecode.swift; path = ReleaseCollectionViewCell.swift; sourceTree = "<group>"; };
		26E1AC921CB021E200BFE169 /* Release.swift */ = {isa = PBXFileReference; fileEncoding = 4; lastKnownFileType = sourcecode.swift; path = Release.swift; sourceTree = "<group>"; };
/* End PBXFileReference section */

/* Begin PBXFrameworksBuildPhase section */
		261B6F0E1CAFCF93002C1D50 /* Frameworks */ = {
			isa = PBXFrameworksBuildPhase;
			buildActionMask = 2147483647;
			files = (
			);
			runOnlyForDeploymentPostprocessing = 0;
		};
/* End PBXFrameworksBuildPhase section */

/* Begin PBXGroup section */
		261B6F081CAFCF93002C1D50 = {
			isa = PBXGroup;
			children = (
				261B6F131CAFCF93002C1D50 /* DiscogsBrowser */,
				261B6F121CAFCF93002C1D50 /* Products */,
			);
			sourceTree = "<group>";
		};
		261B6F121CAFCF93002C1D50 /* Products */ = {
			isa = PBXGroup;
			children = (
				261B6F111CAFCF93002C1D50 /* Browser for Discogs.app */,
			);
			name = Products;
			sourceTree = "<group>";
		};
		261B6F131CAFCF93002C1D50 /* DiscogsBrowser */ = {
			isa = PBXGroup;
			children = (
				26E1AC911CB021CD00BFE169 /* Data */,
				261B6F141CAFCF93002C1D50 /* AppDelegate.swift */,
				261B6F161CAFCF93002C1D50 /* JsonParser.swift */,
				261B6F181CAFCF93002C1D50 /* Main.storyboard */,
				261B6F1E1CAFCF93002C1D50 /* Assets.xcassets */,
				261B6F201CAFCF93002C1D50 /* LaunchScreen.storyboard */,
				261B6F231CAFCF93002C1D50 /* Info.plist */,
				261B6F1B1CAFCF93002C1D50 /* DiscogsBrowser.xcdatamodeld */,
				2693897C1CB10E3E00D86FEF /* MainViewController.swift */,
				26E1AC8B1CAFEF6400BFE169 /* ReleasesCollectionViewController.swift */,
				26E1AC8D1CAFF10300BFE169 /* ReleaseCollectionViewCell.swift */,
			);
			path = DiscogsBrowser;
			sourceTree = "<group>";
		};
		26E1AC911CB021CD00BFE169 /* Data */ = {
			isa = PBXGroup;
			children = (
				26E1AC921CB021E200BFE169 /* Release.swift */,
			);
			path = Data;
			sourceTree = "<group>";
		};
/* End PBXGroup section */

/* Begin PBXNativeTarget section */
		261B6F101CAFCF93002C1D50 /* DiscogsBrowser */ = {
			isa = PBXNativeTarget;
			buildConfigurationList = 261B6F261CAFCF93002C1D50 /* Build configuration list for PBXNativeTarget "DiscogsBrowser" */;
			buildPhases = (
				261B6F0D1CAFCF93002C1D50 /* Sources */,
				261B6F0E1CAFCF93002C1D50 /* Frameworks */,
				261B6F0F1CAFCF93002C1D50 /* Resources */,
			);
			buildRules = (
			);
			dependencies = (
			);
			name = DiscogsBrowser;
			productName = DiscogsBrowser;
			productReference = 261B6F111CAFCF93002C1D50 /* Browser for Discogs.app */;
			productType = "com.apple.product-type.application";
		};
/* End PBXNativeTarget section */

/* Begin PBXProject section */
		261B6F091CAFCF93002C1D50 /* Project object */ = {
			isa = PBXProject;
			attributes = {
				LastSwiftUpdateCheck = 0730;
				LastUpgradeCheck = 0730;
				ORGANIZATIONNAME = "Peter Großmann";
				TargetAttributes = {
					261B6F101CAFCF93002C1D50 = {
						CreatedOnToolsVersion = 7.3;
					};
				};
			};
			buildConfigurationList = 261B6F0C1CAFCF93002C1D50 /* Build configuration list for PBXProject "DiscogsBrowser" */;
			compatibilityVersion = "Xcode 3.2";
			developmentRegion = English;
			hasScannedForEncodings = 0;
			knownRegions = (
				en,
				Base,
			);
			mainGroup = 261B6F081CAFCF93002C1D50;
			productRefGroup = 261B6F121CAFCF93002C1D50 /* Products */;
			projectDirPath = "";
			projectRoot = "";
			targets = (
				261B6F101CAFCF93002C1D50 /* DiscogsBrowser */,
			);
		};
/* End PBXProject section */

/* Begin PBXResourcesBuildPhase section */
		261B6F0F1CAFCF93002C1D50 /* Resources */ = {
			isa = PBXResourcesBuildPhase;
			buildActionMask = 2147483647;
			files = (
				261B6F221CAFCF93002C1D50 /* LaunchScreen.storyboard in Resources */,
				261B6F1F1CAFCF93002C1D50 /* Assets.xcassets in Resources */,
				261B6F1A1CAFCF93002C1D50 /* Main.storyboard in Resources */,
			);
			runOnlyForDeploymentPostprocessing = 0;
		};
/* End PBXResourcesBuildPhase section */

/* Begin PBXSourcesBuildPhase section */
		261B6F0D1CAFCF93002C1D50 /* Sources */ = {
			isa = PBXSourcesBuildPhase;
			buildActionMask = 2147483647;
			files = (
				2693897D1CB10E3E00D86FEF /* MainViewController.swift in Sources */,
				261B6F171CAFCF93002C1D50 /* JsonParser.swift in Sources */,
				26E1AC931CB021E200BFE169 /* Release.swift in Sources */,
				261B6F151CAFCF93002C1D50 /* AppDelegate.swift in Sources */,
				26E1AC8E1CAFF10300BFE169 /* ReleaseCollectionViewCell.swift in Sources */,
				261B6F1D1CAFCF93002C1D50 /* DiscogsBrowser.xcdatamodeld in Sources */,
				26E1AC8C1CAFEF6400BFE169 /* ReleasesCollectionViewController.swift in Sources */,
			);
			runOnlyForDeploymentPostprocessing = 0;
		};
/* End PBXSourcesBuildPhase section */

/* Begin PBXVariantGroup section */
		261B6F181CAFCF93002C1D50 /* Main.storyboard */ = {
			isa = PBXVariantGroup;
			children = (
				261B6F191CAFCF93002C1D50 /* Base */,
			);
			name = Main.storyboard;
			sourceTree = "<group>";
		};
		261B6F201CAFCF93002C1D50 /* LaunchScreen.storyboard */ = {
			isa = PBXVariantGroup;
			children = (
				261B6F211CAFCF93002C1D50 /* Base */,
			);
			name = LaunchScreen.storyboard;
			sourceTree = "<group>";
		};
/* End PBXVariantGroup section */

/* Begin XCBuildConfiguration section */
		261B6F241CAFCF93002C1D50 /* Debug */ = {
			isa = XCBuildConfiguration;
			buildSettings = {
				ALWAYS_SEARCH_USER_PATHS = NO;
				CLANG_ANALYZER_NONNULL = YES;
				CLANG_CXX_LANGUAGE_STANDARD = "gnu++0x";
				CLANG_CXX_LIBRARY = "libc++";
				CLANG_ENABLE_MODULES = YES;
				CLANG_ENABLE_OBJC_ARC = YES;
				CLANG_WARN_BOOL_CONVERSION = YES;
				CLANG_WARN_CONSTANT_CONVERSION = YES;
				CLANG_WARN_DIRECT_OBJC_ISA_USAGE = YES_ERROR;
				CLANG_WARN_EMPTY_BODY = YES;
				CLANG_WARN_ENUM_CONVERSION = YES;
				CLANG_WARN_INT_CONVERSION = YES;
				CLANG_WARN_OBJC_ROOT_CLASS = YES_ERROR;
				CLANG_WARN_UNREACHABLE_CODE = YES;
				CLANG_WARN__DUPLICATE_METHOD_MATCH = YES;
				"CODE_SIGN_IDENTITY[sdk=iphoneos*]" = "iPhone Developer";
				COPY_PHASE_STRIP = NO;
				DEBUG_INFORMATION_FORMAT = dwarf;
				ENABLE_STRICT_OBJC_MSGSEND = YES;
				ENABLE_TESTABILITY = YES;
				GCC_C_LANGUAGE_STANDARD = gnu99;
				GCC_DYNAMIC_NO_PIC = NO;
				GCC_NO_COMMON_BLOCKS = YES;
				GCC_OPTIMIZATION_LEVEL = 0;
				GCC_PREPROCESSOR_DEFINITIONS = (
					"DEBUG=1",
					"$(inherited)",
				);
				GCC_WARN_64_TO_32_BIT_CONVERSION = YES;
				GCC_WARN_ABOUT_RETURN_TYPE = YES_ERROR;
				GCC_WARN_UNDECLARED_SELECTOR = YES;
				GCC_WARN_UNINITIALIZED_AUTOS = YES_AGGRESSIVE;
				GCC_WARN_UNUSED_FUNCTION = YES;
				GCC_WARN_UNUSED_VARIABLE = YES;
				IPHONEOS_DEPLOYMENT_TARGET = 9.3;
				MTL_ENABLE_DEBUG_INFO = YES;
				ONLY_ACTIVE_ARCH = YES;
				SDKROOT = iphoneos;
				SWIFT_OPTIMIZATION_LEVEL = "-Onone";
				TARGETED_DEVICE_FAMILY = "1,2";
			};
			name = Debug;
		};
		261B6F251CAFCF93002C1D50 /* Release */ = {
			isa = XCBuildConfiguration;
			buildSettings = {
				ALWAYS_SEARCH_USER_PATHS = NO;
				CLANG_ANALYZER_NONNULL = YES;
				CLANG_CXX_LANGUAGE_STANDARD = "gnu++0x";
				CLANG_CXX_LIBRARY = "libc++";
				CLANG_ENABLE_MODULES = YES;
				CLANG_ENABLE_OBJC_ARC = YES;
				CLANG_WARN_BOOL_CONVERSION = YES;
				CLANG_WARN_CONSTANT_CONVERSION = YES;
				CLANG_WARN_DIRECT_OBJC_ISA_USAGE = YES_ERROR;
				CLANG_WARN_EMPTY_BODY = YES;
				CLANG_WARN_ENUM_CONVERSION = YES;
				CLANG_WARN_INT_CONVERSION = YES;
				CLANG_WARN_OBJC_ROOT_CLASS = YES_ERROR;
				CLANG_WARN_UNREACHABLE_CODE = YES;
				CLANG_WARN__DUPLICATE_METHOD_MATCH = YES;
				"CODE_SIGN_IDENTITY[sdk=iphoneos*]" = "iPhone Developer";
				COPY_PHASE_STRIP = NO;
				DEBUG_INFORMATION_FORMAT = "dwarf-with-dsym";
				ENABLE_NS_ASSERTIONS = NO;
				ENABLE_STRICT_OBJC_MSGSEND = YES;
				GCC_C_LANGUAGE_STANDARD = gnu99;
				GCC_NO_COMMON_BLOCKS = YES;
				GCC_WARN_64_TO_32_BIT_CONVERSION = YES;
				GCC_WARN_ABOUT_RETURN_TYPE = YES_ERROR;
				GCC_WARN_UNDECLARED_SELECTOR = YES;
				GCC_WARN_UNINITIALIZED_AUTOS = YES_AGGRESSIVE;
				GCC_WARN_UNUSED_FUNCTION = YES;
				GCC_WARN_UNUSED_VARIABLE = YES;
				IPHONEOS_DEPLOYMENT_TARGET = 9.3;
				MTL_ENABLE_DEBUG_INFO = NO;
				SDKROOT = iphoneos;
				TARGETED_DEVICE_FAMILY = "1,2";
				VALIDATE_PRODUCT = YES;
			};
			name = Release;
		};
		261B6F271CAFCF93002C1D50 /* Debug */ = {
			isa = XCBuildConfiguration;
			buildSettings = {
				ASSETCATALOG_COMPILER_APPICON_NAME = AppIcon;
				INFOPLIST_FILE = DiscogsBrowser/Info.plist;
				LD_RUNPATH_SEARCH_PATHS = "$(inherited) @executable_path/Frameworks";
				PRODUCT_BUNDLE_IDENTIFIER = pg.DiscogsBrowser;
				PRODUCT_NAME = "Browser for Discogs";
			};
			name = Debug;
		};
		261B6F281CAFCF93002C1D50 /* Release */ = {
			isa = XCBuildConfiguration;
			buildSettings = {
				ASSETCATALOG_COMPILER_APPICON_NAME = AppIcon;
				INFOPLIST_FILE = DiscogsBrowser/Info.plist;
				LD_RUNPATH_SEARCH_PATHS = "$(inherited) @executable_path/Frameworks";
				PRODUCT_BUNDLE_IDENTIFIER = pg.DiscogsBrowser;
				PRODUCT_NAME = "Browser for Discogs";
			};
			name = Release;
		};
/* End XCBuildConfiguration section */

/* Begin XCConfigurationList section */
		261B6F0C1CAFCF93002C1D50 /* Build configuration list for PBXProject "DiscogsBrowser" */ = {
			isa = XCConfigurationList;
			buildConfigurations = (
				261B6F241CAFCF93002C1D50 /* Debug */,
				261B6F251CAFCF93002C1D50 /* Release */,
			);
			defaultConfigurationIsVisible = 0;
			defaultConfigurationName = Release;
		};
		261B6F261CAFCF93002C1D50 /* Build configuration list for PBXNativeTarget "DiscogsBrowser" */ = {
			isa = XCConfigurationList;
			buildConfigurations = (
				261B6F271CAFCF93002C1D50 /* Debug */,
				261B6F281CAFCF93002C1D50 /* Release */,
			);
			defaultConfigurationIsVisible = 0;
			defaultConfigurationName = Release;
		};
/* End XCConfigurationList section */

/* Begin XCVersionGroup section */
		261B6F1B1CAFCF93002C1D50 /* DiscogsBrowser.xcdatamodeld */ = {
			isa = XCVersionGroup;
			children = (
				261B6F1C1CAFCF93002C1D50 /* DiscogsBrowser.xcdatamodel */,
			);
			currentVersion = 261B6F1C1CAFCF93002C1D50 /* DiscogsBrowser.xcdatamodel */;
			path = DiscogsBrowser.xcdatamodeld;
			sourceTree = "<group>";
			versionGroupType = wrapper.xcdatamodel;
		};
/* End XCVersionGroup section */
	};
	rootObject = 261B6F091CAFCF93002C1D50 /* Project object */;
}
